<?xml version="1.0" encoding="utf-8"?>
<Project ToolsVersion="4.0" xmlns="http://schemas.microsoft.com/developer/msbuild/2003">
  <ItemGroup>
    <Filter Include="Source Files">
      <UniqueIdentifier>{8dae83be-3c8d-4100-8440-9d3ab15ad292}</UniqueIdentifier>
      <Extensions>cpp;c;cxx;def;odl;idl;hpj;bat;asm</Extensions>
    </Filter>
    <Filter Include="Header Files">
      <UniqueIdentifier>{dd2adbbe-23c1-4588-a49f-a16b6162a09b}</UniqueIdentifier>
      <Extensions>h;hpp;hxx;hm;inl;inc</Extensions>
    </Filter>
    <Filter Include="Resource Files">
      <UniqueIdentifier>{eb42ece2-f86e-43ce-b21a-cd22befcf06b}</UniqueIdentifier>
      <Extensions>rc;ico;cur;bmp;dlg;rc2;rct;bin;rgs;gif;jpg;jpeg;jpe</Extensions>
    </Filter>
  </ItemGroup>
  <ItemGroup>
    <ClCompile Include="Background.cpp">
      <Filter>Source Files</Filter>
    </ClCompile>
    <ClCompile Include="AStarPathfinder.cpp">
      <Filter>Source Files</Filter>
    </ClCompile>
    <ClCompile Include="BatEnemy.cpp">
      <Filter>Source Files</Filter>
    </ClCompile>
    <ClCompile Include="Bitmap.cpp">
      <Filter>Source Files</Filter>
    </ClCompile>
    <ClCompile Include="Enemy.cpp">
      <Filter>Source Files</Filter>
    </ClCompile>
    <ClCompile Include="GameEngine.cpp">
      <Filter>Source Files</Filter>
    </ClCompile>
    <ClCompile Include="GhostEnemy.cpp">
      <Filter>Source Files</Filter>
    </ClCompile>
    <ClCompile Include="DebugSystem.cpp">
      <Filter>Source Files</Filter>
    </ClCompile>
    <ClCompile Include="SkeletonEnemy.cpp">
      <Filter>Source Files</Filter>
    </ClCompile>
    <ClCompile Include="SkeletonProjectile.cpp">
      <Filter>Source Files</Filter>
    </ClCompile>
    <ClCompile Include="SkeletonProjectileMath.cpp">
      <Filter>Source Files</Filter>
    </ClCompile>
    <ClCompile Include="TankGolemEnemy.cpp">
      <Filter>Source Files</Filter>
    </ClCompile>
    <ClCompile Include="DungeonMiner.cpp">
      <Filter>Source Files</Filter>
    </ClCompile>
    <ClCompile Include="Sprite.cpp">
      <Filter>Source Files</Filter>
    </ClCompile>
    <ClCompile Include="ProceduralMapGeneration.cpp">
      <Filter>Source Files</Filter>
    </ClCompile>
    <ClCompile Include="Player.cpp">
      <Filter>Source Files</Filter>
    </ClCompile>
    <ClCompile Include="LightMask.cpp">
      <Filter>Source Files</Filter>
    </ClCompile>
  </ItemGroup>
  <ItemGroup>
    <ClInclude Include="Background.h">
      <Filter>Header Files</Filter>
    </ClInclude>
    <ClInclude Include="AStarPathfinder.h">
      <Filter>Header Files</Filter>
    </ClInclude>
    <ClInclude Include="BatEnemy.h">
      <Filter>Header Files</Filter>
    </ClInclude>
    <ClInclude Include="Bitmap.h">
      <Filter>Header Files</Filter>
    </ClInclude>
    <ClInclude Include="Enemy.h">
      <Filter>Header Files</Filter>
    </ClInclude>
    <ClInclude Include="GameEngine.h">
      <Filter>Header Files</Filter>
    </ClInclude>
    <ClInclude Include="GhostEnemy.h">
      <Filter>Header Files</Filter>
    </ClInclude>
    <ClInclude Include="DebugSystem.h">
      <Filter>Header Files</Filter>
    </ClInclude>
    <ClInclude Include="SkeletonEnemy.h">
      <Filter>Header Files</Filter>
    </ClInclude>
    <ClInclude Include="SkeletonProjectile.h">
      <Filter>Header Files</Filter>
    </ClInclude>
    <ClInclude Include="SkeletonProjectileMath.h">
      <Filter>Header Files</Filter>
    </ClInclude>
    <ClInclude Include="TankGolemEnemy.h">
      <Filter>Header Files</Filter>
    </ClInclude>
    <ClInclude Include="Resource.h">
      <Filter>Header Files</Filter>
    </ClInclude>
    <ClInclude Include="DungeonMiner.h">
      <Filter>Header Files</Filter>
    </ClInclude>
    <ClInclude Include="Sprite.h">
      <Filter>Header Files</Filter>
    </ClInclude>
    <ClInclude Include="ProceduralMapGeneration.h">
      <Filter>Header Files</Filter>
    </ClInclude>
    <ClInclude Include="Player.h">
      <Filter>Header Files</Filter>
    </ClInclude>
    <ClInclude Include="LightMask.h">
      <Filter>Header Files</Filter>
    </ClInclude>
  </ItemGroup>
  <ItemGroup>
    <Image Include="DungeonMiner.ico">
      <Filter>Resource Files</Filter>
    </Image>
    <Image Include="DungeonMiner_sm.ico">
      <Filter>Resource Files</Filter>
    </Image>
    <Image Include="bitmaps\skeleton.bmp">
      <Filter>Resource Files</Filter>
    </Image>
    <Image Include="bitmaps\bone.bmp">
      <Filter>Resource Files</Filter>
    </Image>
  </ItemGroup>
  <ItemGroup>
    <ResourceCompile Include="DungeonMiner.rc">
      <Filter>Resource Files</Filter>
    </ResourceCompile>
  </ItemGroup>
</Project>
